lockfileVersion: "9.0"

settings:
    autoInstallPeers: true
    excludeLinksFromLockfile: false

importers:
    .:
        dependencies:
            "@google/generative-ai":
                specifier: ^0.24.1
                version: 0.24.1
            dotenv:
                specifier: ^17.0.0
                version: 17.4.2
            js-yaml:
                specifier: ^4.1.1
                version: 4.1.1
            playwright:
                specifier: ^1.58.1
                version: 1.60.0

packages:
    "@google/generative-ai@0.24.1":
        resolution:
            {
                integrity: sha512-MqO+MLfM6kjxcKoy0p1wRzG3b4ZZXtPI+z2IE26UogS2Cm/XHO+7gGRBh6gcJsOiIVoH93UwKvW4HdgiOZCy9Q==,
            }
        engines: { node: ">=18.0.0" }

    argparse@2.0.1:
        resolution:
            {
                integrity: sha512-8+9WqebbFzpX9OR+Wa6O29asIogeRMzcGtAINdpMHHyAg10f05aSFVBbcEqGf/PXw1EjAZ+q2/bEBg3DvurK3Q==,
            }

    dotenv@17.4.2:
        resolution:
            {
                integrity: sha512-nI4U3TottKAcAD9LLud4Cb7b2QztQMUEfHbvhTH09bqXTxnSie8WnjPALV/WMCrJZ6UV/qHJ6L03OqO3LcdYZw==,
            }
        engines: { node: ">=12" }

    fsevents@2.3.2:
        resolution:
            {
                integrity: sha512-xiqMQR4xAeHTuB9uWm+fFRcIOgKBMiOBP+eXiyT7jsgVCq1bkVygt00oASowB7EdtpOHaaPgKt812P9ab+DDKA==,
            }
        engines: { node: ^8.16.0 || ^10.6.0 || >=11.0.0 }
        os: [darwin]

    js-yaml@4.1.1:
        resolution:
            {
                integrity: sha512-qQKT4zQxXl8lLwBtHMWwaTcGfFOZviOJet3Oy/xmGk2gZH677CJM9EvtfdSkgWcATZhj/55JZ0rmy3myCT5lsA==,
            }
        hasBin: true

    playwright-core@1.60.0:
        resolution:
            {
                integrity: sha512-9bW6zvX/m0lEbgTKJ6YppOKx8H3VOPBMOCFh2irXFOT4BbHgrx5hPjwJYLT40Lu+4qtD36qKc/Hn56StUW57IA==,
            }
        engines: { node: ">=18" }
        hasBin: true

    playwright@1.60.0:
        resolution:
            {
                integrity: sha512-hheHdokM8cdqCb0lcE3s+zT4t4W+vvjpGxsZlDnikarzx8tSzMebh3UiFtgqwFwnTnjYQcsyMF8ei2mCO/tpeA==,
            }
        engines: { node: ">=18" }
        hasBin: true

snapshots:
    "@google/generative-ai@0.24.1": {}

    argparse@2.0.1: {}

    dotenv@17.4.2: {}

    fsevents@2.3.2:
        optional: true

    js-yaml@4.1.1:
        dependencies:
            argparse: 2.0.1

    playwright-core@1.60.0: {}

    playwright@1.60.0:
        dependencies:
            playwright-core: 1.60.0
        optionalDependencies:
            fsevents: 2.3.2
